{
  "lockfile_version": "1",
  "packages": {
    "bun@latest": {
      "last_modified": "2024-11-18T00:41:09Z",
      "resolved": "github:NixOS/nixpkgs/5083ec887760adfe12af64830a66807423a859a7#bun",
      "source": "devbox-search",
      "version": "1.1.34",
      "systems": {
        "aarch64-darwin": {
          "outputs": [
            {
              "name": "out",
              "path": "/nix/store/xnj00gq1mfffvgyisghk4m9f38gc5c5c-bun-1.1.34",
              "default": true
            }
          ],
          "store_path": "/nix/store/xnj00gq1mfffvgyisghk4m9f38gc5c5c-bun-1.1.34"
        },
        "aarch64-linux": {
          "outputs": [
            {
              "name": "out",
              "path": "/nix/store/kccpzv8fb7swmmxbhv805qzq242rhy33-bun-1.1.34",
              "default": true
            }
          ],
          "store_path": "/nix/store/kccpzv8fb7swmmxbhv805qzq242rhy33-bun-1.1.34"
        },
        "x86_64-darwin": {
          "outputs": [
            {
              "name": "out",
              "path": "/nix/store/8h5k3l4fpgs3al2wvna7x9ybyyc8k36d-bun-1.1.34",
              "default": true
            }
          ],
          "store_path": "/nix/store/8h5k3l4fpgs3al2wvna7x9ybyyc8k36d-bun-1.1.34"
        },
        "x86_64-linux": {
          "outputs": [
            {
              "name": "out",
              "path": "/nix/store/x089g4srqw71w5jnc87vxbh7m12498i0-bun-1.1.34",
              "default": true
            }
          ],
          "store_path": "/nix/store/x089g4srqw71w5jnc87vxbh7m12498i0-bun-1.1.34"
        }
      }
    }
  }
}
